{
  "name": "academie",
  "lockfileVersion": 2,
  "requires": true,
  "packages": {
    "": {
      "dependencies": {
        "react-facebook-pixel": "^1.0.4"
      }
    },
    "node_modules/react-facebook-pixel": {
      "version": "1.0.4",
      "resolved": "https://registry.npmjs.org/react-facebook-pixel/-/react-facebook-pixel-1.0.4.tgz",
      "integrity": "sha512-givZY8MS0v/mdbRzvcvouBo/j0TtDiu/93f4gIjJXwDDgwlf6bYUiQvb2qcqjluOOD/hIKUQHNYLNsSOnoEklg=="
    }
  },
  "dependencies": {
    "react-facebook-pixel": {
      "version": "1.0.4",
      "resolved": "https://registry.npmjs.org/react-facebook-pixel/-/react-facebook-pixel-1.0.4.tgz",
      "integrity": "sha512-givZY8MS0v/mdbRzvcvouBo/j0TtDiu/93f4gIjJXwDDgwlf6bYUiQvb2qcqjluOOD/hIKUQHNYLNsSOnoEklg=="
    }
  }
}
