# THIS IS AN AUTOGENERATED FILE. DO NOT EDIT THIS FILE DIRECTLY.
# yarn lockfile v1


react-facebook-pixel@^1.0.4:
  version "1.0.4"
  resolved "https://registry.yarnpkg.com/react-facebook-pixel/-/react-facebook-pixel-1.0.4.tgz#4760b60dc0451e345649d9710152b4b5419cf989"
  integrity sha512-givZY8MS0v/mdbRzvcvouBo/j0TtDiu/93f4gIjJXwDDgwlf6bYUiQvb2qcqjluOOD/hIKUQHNYLNsSOnoEklg==
